
Microsoft Visual Studio Solution File, Format Version 12.00
# Visual Studio Version 16
VisualStudioVersion = 16.0.30621.155
MinimumVisualStudioVersion = 10.0.40219.1
Project("{9A19103F-16F7-4668-BE54-9A1E7A4F7556}") = "MvcPagingListDesign", "MvcPagingListDesign.csproj", "{A2594EC3-D4EF-47E8-8CC9-4E8EC580D87B}"
EndProject
Global
	GlobalSection(SolutionConfigurationPlatforms) = preSolution
		Debug|Any CPU = Debug|Any CPU
		Release|Any CPU = Release|Any CPU
	EndGlobalSection
	GlobalSection(ProjectConfigurationPlatforms) = postSolution
		{A2594EC3-D4EF-47E8-8CC9-4E8EC580D87B}.Debug|Any CPU.ActiveCfg = Debug|Any CPU
		{A2594EC3-D4EF-47E8-8CC9-4E8EC580D87B}.Debug|Any CPU.Build.0 = Debug|Any CPU
		{A2594EC3-D4EF-47E8-8CC9-4E8EC580D87B}.Release|Any CPU.ActiveCfg = Release|Any CPU
		{A2594EC3-D4EF-47E8-8CC9-4E8EC580D87B}.Release|Any CPU.Build.0 = Release|Any CPU
	EndGlobalSection
	GlobalSection(SolutionProperties) = preSolution
		HideSolutionNode = FALSE
	EndGlobalSection
	GlobalSection(ExtensibilityGlobals) = postSolution
		SolutionGuid = {9C6C4459-7A37-4BF5-8B53-206374ACB606}
	EndGlobalSection
EndGlobal
